
Microsoft Visual Studio Solution File, Format Version 12.00
# Visual Studio 2013
VisualStudioVersion = 12.0.30723.0
MinimumVisualStudioVersion = 10.0.40219.1
Project("{FAE04EC0-301F-11D3-BF4B-00C04F79EFBC}") = "PopgunContent", "BBShotContent\BBShotContent\PopgunContent.csproj", "{B3F0EA0F-67F1-4DD6-98E1-B979A42754AE}"
EndProject
Project("{FAE04EC0-301F-11D3-BF4B-00C04F79EFBC}") = "PopgunContentContent", "BBShotContent\BBShotContentContent\PopgunContentContent.contentproj", "{44F8E39D-632F-4C02-BE48-09F529BE8813}"
EndProject
Project("{FAE04EC0-301F-11D3-BF4B-00C04F79EFBC}") = "Popgun", "BBShot\Popgun.csproj", "{9436CDDC-9F00-4D6A-A916-4FBC63DECD04}"
EndProject
Global
	GlobalSection(SolutionConfigurationPlatforms) = preSolution
		Android|Any CPU = Android|Any CPU
		Android|Mixed Platforms = Android|Mixed Platforms
		Android|x86 = Android|x86
		Debug|Any CPU = Debug|Any CPU
		Debug|Mixed Platforms = Debug|Mixed Platforms
		Debug|x86 = Debug|x86
		iOS|Any CPU = iOS|Any CPU
		iOS|Mixed Platforms = iOS|Mixed Platforms
		iOS|x86 = iOS|x86
		Linux|Any CPU = Linux|Any CPU
		Linux|Mixed Platforms = Linux|Mixed Platforms
		Linux|x86 = Linux|x86
		OSX|Any CPU = OSX|Any CPU
		OSX|Mixed Platforms = OSX|Mixed Platforms
		OSX|x86 = OSX|x86
		PSM|Any CPU = PSM|Any CPU
		PSM|Mixed Platforms = PSM|Mixed Platforms
		PSM|x86 = PSM|x86
		Release|Any CPU = Release|Any CPU
		Release|Mixed Platforms = Release|Mixed Platforms
		Release|x86 = Release|x86
		Windows|Any CPU = Windows|Any CPU
		Windows|Mixed Platforms = Windows|Mixed Platforms
		Windows|x86 = Windows|x86
		Windows8|Any CPU = Windows8|Any CPU
		Windows8|Mixed Platforms = Windows8|Mixed Platforms
		Windows8|x86 = Windows8|x86
	EndGlobalSection
	GlobalSection(ProjectConfigurationPlatforms) = postSolution
		{B3F0EA0F-67F1-4DD6-98E1-B979A42754AE}.Android|Any CPU.ActiveCfg = Android|Any CPU
		{B3F0EA0F-67F1-4DD6-98E1-B979A42754AE}.Android|Any CPU.Build.0 = Android|Any CPU
		{B3F0EA0F-67F1-4DD6-98E1-B979A42754AE}.Android|Mixed Platforms.ActiveCfg = Android|Any CPU
		{B3F0EA0F-67F1-4DD6-98E1-B979A42754AE}.Android|Mixed Platforms.Build.0 = Android|Any CPU
		{B3F0EA0F-67F1-4DD6-98E1-B979A42754AE}.Android|x86.ActiveCfg = Android|Any CPU
		{B3F0EA0F-67F1-4DD6-98E1-B979A42754AE}.Debug|Any CPU.ActiveCfg = PSM|Any CPU
		{B3F0EA0F-67F1-4DD6-98E1-B979A42754AE}.Debug|Any CPU.Build.0 = PSM|Any CPU
		{B3F0EA0F-67F1-4DD6-98E1-B979A42754AE}.Debug|Mixed Platforms.ActiveCfg = PSM|Any CPU
		{B3F0EA0F-67F1-4DD6-98E1-B979A42754AE}.Debug|Mixed Platforms.Build.0 = PSM|Any CPU
		{B3F0EA0F-67F1-4DD6-98E1-B979A42754AE}.Debug|x86.ActiveCfg = PSM|Any CPU
		{B3F0EA0F-67F1-4DD6-98E1-B979A42754AE}.iOS|Any CPU.ActiveCfg = iOS|Any CPU
		{B3F0EA0F-67F1-4DD6-98E1-B979A42754AE}.iOS|Any CPU.Build.0 = iOS|Any CPU
		{B3F0EA0F-67F1-4DD6-98E1-B979A42754AE}.iOS|Mixed Platforms.ActiveCfg = iOS|Any CPU
		{B3F0EA0F-67F1-4DD6-98E1-B979A42754AE}.iOS|Mixed Platforms.Build.0 = iOS|Any CPU
		{B3F0EA0F-67F1-4DD6-98E1-B979A42754AE}.iOS|x86.ActiveCfg = iOS|Any CPU
		{B3F0EA0F-67F1-4DD6-98E1-B979A42754AE}.Linux|Any CPU.ActiveCfg = Linux|Any CPU
		{B3F0EA0F-67F1-4DD6-98E1-B979A42754AE}.Linux|Any CPU.Build.0 = Linux|Any CPU
		{B3F0EA0F-67F1-4DD6-98E1-B979A42754AE}.Linux|Mixed Platforms.ActiveCfg = Linux|Any CPU
		{B3F0EA0F-67F1-4DD6-98E1-B979A42754AE}.Linux|Mixed Platforms.Build.0 = Linux|Any CPU
		{B3F0EA0F-67F1-4DD6-98E1-B979A42754AE}.Linux|x86.ActiveCfg = Linux|Any CPU
		{B3F0EA0F-67F1-4DD6-98E1-B979A42754AE}.OSX|Any CPU.ActiveCfg = OSX|Any CPU
		{B3F0EA0F-67F1-4DD6-98E1-B979A42754AE}.OSX|Any CPU.Build.0 = OSX|Any CPU
		{B3F0EA0F-67F1-4DD6-98E1-B979A42754AE}.OSX|Mixed Platforms.ActiveCfg = OSX|Any CPU
		{B3F0EA0F-67F1-4DD6-98E1-B979A42754AE}.OSX|Mixed Platforms.Build.0 = OSX|Any CPU
		{B3F0EA0F-67F1-4DD6-98E1-B979A42754AE}.OSX|x86.ActiveCfg = OSX|Any CPU
		{B3F0EA0F-67F1-4DD6-98E1-B979A42754AE}.PSM|Any CPU.ActiveCfg = PSM|Any CPU
		{B3F0EA0F-67F1-4DD6-98E1-B979A42754AE}.PSM|Any CPU.Build.0 = PSM|Any CPU
		{B3F0EA0F-67F1-4DD6-98E1-B979A42754AE}.PSM|Mixed Platforms.ActiveCfg = PSM|Any CPU
		{B3F0EA0F-67F1-4DD6-98E1-B979A42754AE}.PSM|Mixed Platforms.Build.0 = PSM|Any CPU
		{B3F0EA0F-67F1-4DD6-98E1-B979A42754AE}.PSM|x86.ActiveCfg = PSM|Any CPU
		{B3F0EA0F-67F1-4DD6-98E1-B979A42754AE}.Release|Any CPU.ActiveCfg = PSM|Any CPU
		{B3F0EA0F-67F1-4DD6-98E1-B979A42754AE}.Release|Any CPU.Build.0 = PSM|Any CPU
		{B3F0EA0F-67F1-4DD6-98E1-B979A42754AE}.Release|Mixed Platforms.ActiveCfg = PSM|Any CPU
		{B3F0EA0F-67F1-4DD6-98E1-B979A42754AE}.Release|Mixed Platforms.Build.0 = PSM|Any CPU
		{B3F0EA0F-67F1-4DD6-98E1-B979A42754AE}.Release|x86.ActiveCfg = PSM|Any CPU
		{B3F0EA0F-67F1-4DD6-98E1-B979A42754AE}.Windows|Any CPU.ActiveCfg = Windows|Any CPU
		{B3F0EA0F-67F1-4DD6-98E1-B979A42754AE}.Windows|Any CPU.Build.0 = Windows|Any CPU
		{B3F0EA0F-67F1-4DD6-98E1-B979A42754AE}.Windows|Mixed Platforms.ActiveCfg = Windows|Any CPU
		{B3F0EA0F-67F1-4DD6-98E1-B979A42754AE}.Windows|Mixed Platforms.Build.0 = Windows|Any CPU
		{B3F0EA0F-67F1-4DD6-98E1-B979A42754AE}.Windows|x86.ActiveCfg = Windows|Any CPU
		{B3F0EA0F-67F1-4DD6-98E1-B979A42754AE}.Windows8|Any CPU.ActiveCfg = Windows8|Any CPU
		{B3F0EA0F-67F1-4DD6-98E1-B979A42754AE}.Windows8|Any CPU.Build.0 = Windows8|Any CPU
		{B3F0EA0F-67F1-4DD6-98E1-B979A42754AE}.Windows8|Mixed Platforms.ActiveCfg = Windows8|Any CPU
		{B3F0EA0F-67F1-4DD6-98E1-B979A42754AE}.Windows8|Mixed Platforms.Build.0 = Windows8|Any CPU
		{B3F0EA0F-67F1-4DD6-98E1-B979A42754AE}.Windows8|x86.ActiveCfg = Windows8|Any CPU
		{44F8E39D-632F-4C02-BE48-09F529BE8813}.Android|Any CPU.ActiveCfg = Android|Any CPU
		{44F8E39D-632F-4C02-BE48-09F529BE8813}.Android|Mixed Platforms.ActiveCfg = Android|Any CPU
		{44F8E39D-632F-4C02-BE48-09F529BE8813}.Android|x86.ActiveCfg = Android|Any CPU
		{44F8E39D-632F-4C02-BE48-09F529BE8813}.Debug|Any CPU.ActiveCfg = PSM|Any CPU
		{44F8E39D-632F-4C02-BE48-09F529BE8813}.Debug|Mixed Platforms.ActiveCfg = PSM|Any CPU
		{44F8E39D-632F-4C02-BE48-09F529BE8813}.Debug|x86.ActiveCfg = PSM|Any CPU
		{44F8E39D-632F-4C02-BE48-09F529BE8813}.iOS|Any CPU.ActiveCfg = iOS|Any CPU
		{44F8E39D-632F-4C02-BE48-09F529BE8813}.iOS|Mixed Platforms.ActiveCfg = iOS|Any CPU
		{44F8E39D-632F-4C02-BE48-09F529BE8813}.iOS|x86.ActiveCfg = iOS|Any CPU
		{44F8E39D-632F-4C02-BE48-09F529BE8813}.Linux|Any CPU.ActiveCfg = Linux|Any CPU
		{44F8E39D-632F-4C02-BE48-09F529BE8813}.Linux|Mixed Platforms.ActiveCfg = Linux|Any CPU
		{44F8E39D-632F-4C02-BE48-09F529BE8813}.Linux|x86.ActiveCfg = Linux|Any CPU
		{44F8E39D-632F-4C02-BE48-09F529BE8813}.OSX|Any CPU.ActiveCfg = OSX|Any CPU
		{44F8E39D-632F-4C02-BE48-09F529BE8813}.OSX|Mixed Platforms.ActiveCfg = OSX|Any CPU
		{44F8E39D-632F-4C02-BE48-09F529BE8813}.OSX|x86.ActiveCfg = OSX|Any CPU
		{44F8E39D-632F-4C02-BE48-09F529BE8813}.PSM|Any CPU.ActiveCfg = PSM|Any CPU
		{44F8E39D-632F-4C02-BE48-09F529BE8813}.PSM|Mixed Platforms.ActiveCfg = PSM|Any CPU
		{44F8E39D-632F-4C02-BE48-09F529BE8813}.PSM|x86.ActiveCfg = PSM|Any CPU
		{44F8E39D-632F-4C02-BE48-09F529BE8813}.Release|Any CPU.ActiveCfg = PSM|Any CPU
		{44F8E39D-632F-4C02-BE48-09F529BE8813}.Release|Mixed Platforms.ActiveCfg = PSM|Any CPU
		{44F8E39D-632F-4C02-BE48-09F529BE8813}.Release|x86.ActiveCfg = PSM|Any CPU
		{44F8E39D-632F-4C02-BE48-09F529BE8813}.Windows|Any CPU.ActiveCfg = Windows|Any CPU
		{44F8E39D-632F-4C02-BE48-09F529BE8813}.Windows|Mixed Platforms.ActiveCfg = Windows|Any CPU
		{44F8E39D-632F-4C02-BE48-09F529BE8813}.Windows|x86.ActiveCfg = Windows|Any CPU
		{44F8E39D-632F-4C02-BE48-09F529BE8813}.Windows8|Any CPU.ActiveCfg = Windows8|Any CPU
		{44F8E39D-632F-4C02-BE48-09F529BE8813}.Windows8|Mixed Platforms.ActiveCfg = Windows8|Any CPU
		{44F8E39D-632F-4C02-BE48-09F529BE8813}.Windows8|x86.ActiveCfg = Windows8|Any CPU
		{9436CDDC-9F00-4D6A-A916-4FBC63DECD04}.Android|Any CPU.ActiveCfg = Release|x86
		{9436CDDC-9F00-4D6A-A916-4FBC63DECD04}.Android|Mixed Platforms.ActiveCfg = Release|x86
		{9436CDDC-9F00-4D6A-A916-4FBC63DECD04}.Android|Mixed Platforms.Build.0 = Release|x86
		{9436CDDC-9F00-4D6A-A916-4FBC63DECD04}.Android|x86.ActiveCfg = Release|x86
		{9436CDDC-9F00-4D6A-A916-4FBC63DECD04}.Android|x86.Build.0 = Release|x86
		{9436CDDC-9F00-4D6A-A916-4FBC63DECD04}.Debug|Any CPU.ActiveCfg = Debug|x86
		{9436CDDC-9F00-4D6A-A916-4FBC63DECD04}.Debug|Mixed Platforms.ActiveCfg = Debug|x86
		{9436CDDC-9F00-4D6A-A916-4FBC63DECD04}.Debug|Mixed Platforms.Build.0 = Debug|x86
		{9436CDDC-9F00-4D6A-A916-4FBC63DECD04}.Debug|x86.ActiveCfg = Debug|x86
		{9436CDDC-9F00-4D6A-A916-4FBC63DECD04}.Debug|x86.Build.0 = Debug|x86
		{9436CDDC-9F00-4D6A-A916-4FBC63DECD04}.iOS|Any CPU.ActiveCfg = Release|x86
		{9436CDDC-9F00-4D6A-A916-4FBC63DECD04}.iOS|Mixed Platforms.ActiveCfg = Release|x86
		{9436CDDC-9F00-4D6A-A916-4FBC63DECD04}.iOS|Mixed Platforms.Build.0 = Release|x86
		{9436CDDC-9F00-4D6A-A916-4FBC63DECD04}.iOS|x86.ActiveCfg = Release|x86
		{9436CDDC-9F00-4D6A-A916-4FBC63DECD04}.iOS|x86.Build.0 = Release|x86
		{9436CDDC-9F00-4D6A-A916-4FBC63DECD04}.Linux|Any CPU.ActiveCfg = Release|x86
		{9436CDDC-9F00-4D6A-A916-4FBC63DECD04}.Linux|Mixed Platforms.ActiveCfg = Release|x86
		{9436CDDC-9F00-4D6A-A916-4FBC63DECD04}.Linux|Mixed Platforms.Build.0 = Release|x86
		{9436CDDC-9F00-4D6A-A916-4FBC63DECD04}.Linux|x86.ActiveCfg = Release|x86
		{9436CDDC-9F00-4D6A-A916-4FBC63DECD04}.Linux|x86.Build.0 = Release|x86
		{9436CDDC-9F00-4D6A-A916-4FBC63DECD04}.OSX|Any CPU.ActiveCfg = Release|x86
		{9436CDDC-9F00-4D6A-A916-4FBC63DECD04}.OSX|Mixed Platforms.ActiveCfg = Release|x86
		{9436CDDC-9F00-4D6A-A916-4FBC63DECD04}.OSX|Mixed Platforms.Build.0 = Release|x86
		{9436CDDC-9F00-4D6A-A916-4FBC63DECD04}.OSX|x86.ActiveCfg = Release|x86
		{9436CDDC-9F00-4D6A-A916-4FBC63DECD04}.OSX|x86.Build.0 = Release|x86
		{9436CDDC-9F00-4D6A-A916-4FBC63DECD04}.PSM|Any CPU.ActiveCfg = Release|x86
		{9436CDDC-9F00-4D6A-A916-4FBC63DECD04}.PSM|Mixed Platforms.ActiveCfg = Release|x86
		{9436CDDC-9F00-4D6A-A916-4FBC63DECD04}.PSM|Mixed Platforms.Build.0 = Release|x86
		{9436CDDC-9F00-4D6A-A916-4FBC63DECD04}.PSM|x86.ActiveCfg = Release|x86
		{9436CDDC-9F00-4D6A-A916-4FBC63DECD04}.PSM|x86.Build.0 = Release|x86
		{9436CDDC-9F00-4D6A-A916-4FBC63DECD04}.Release|Any CPU.ActiveCfg = Release|x86
		{9436CDDC-9F00-4D6A-A916-4FBC63DECD04}.Release|Any CPU.Build.0 = Release|x86
		{9436CDDC-9F00-4D6A-A916-4FBC63DECD04}.Release|Mixed Platforms.ActiveCfg = Release|x86
		{9436CDDC-9F00-4D6A-A916-4FBC63DECD04}.Release|Mixed Platforms.Build.0 = Release|x86
		{9436CDDC-9F00-4D6A-A916-4FBC63DECD04}.Release|x86.ActiveCfg = Release|x86
		{9436CDDC-9F00-4D6A-A916-4FBC63DECD04}.Release|x86.Build.0 = Release|x86
		{9436CDDC-9F00-4D6A-A916-4FBC63DECD04}.Windows|Any CPU.ActiveCfg = Release|x86
		{9436CDDC-9F00-4D6A-A916-4FBC63DECD04}.Windows|Mixed Platforms.ActiveCfg = Release|x86
		{9436CDDC-9F00-4D6A-A916-4FBC63DECD04}.Windows|Mixed Platforms.Build.0 = Release|x86
		{9436CDDC-9F00-4D6A-A916-4FBC63DECD04}.Windows|x86.ActiveCfg = Release|x86
		{9436CDDC-9F00-4D6A-A916-4FBC63DECD04}.Windows|x86.Build.0 = Release|x86
		{9436CDDC-9F00-4D6A-A916-4FBC63DECD04}.Windows8|Any CPU.ActiveCfg = Release|x86
		{9436CDDC-9F00-4D6A-A916-4FBC63DECD04}.Windows8|Mixed Platforms.ActiveCfg = Release|x86
		{9436CDDC-9F00-4D6A-A916-4FBC63DECD04}.Windows8|Mixed Platforms.Build.0 = Release|x86
		{9436CDDC-9F00-4D6A-A916-4FBC63DECD04}.Windows8|x86.ActiveCfg = Release|x86
		{9436CDDC-9F00-4D6A-A916-4FBC63DECD04}.Windows8|x86.Build.0 = Release|x86
	EndGlobalSection
	GlobalSection(SolutionProperties) = preSolution
		HideSolutionNode = FALSE
	EndGlobalSection
EndGlobal
